<?xml version="1.0" encoding="utf-8"?>
<Project ToolsVersion="4.0" xmlns="http://schemas.microsoft.com/developer/msbuild/2003">
  <ItemGroup>
    <ClCompile Include="CaptainHookRaw.cpp" />
    <ClCompile Include="stdafx.cpp" />
    <ClCompile Include="NotificationIcon.cpp" />
  </ItemGroup>
  <ItemGroup>
    <ClInclude Include="CaptainHookRaw.h" />
    <ClInclude Include="Resource.h" />
    <ClInclude Include="stdafx.h" />
    <ClInclude Include="targetver.h" />
    <ClInclude Include="NotificationIcon.h" />
  </ItemGroup>
  <ItemGroup>
    <ResourceCompile Include="CaptainHookRaw.rc" />
  </ItemGroup>
  <ItemGroup>
    <Image Include="resources\NotificationIcon_hook.ico">
      <Filter>resources</Filter>
    </Image>
    <Image Include="resources\NotificationIcon_hookbait.ico">
      <Filter>resources</Filter>
    </Image>
    <Image Include="resources\NotificationIcon_hookfish.ico">
      <Filter>resources</Filter>
    </Image>
    <Image Include="resources\CaptainHookRaw.ico">
      <Filter>resources</Filter>
    </Image>
  </ItemGroup>
  <ItemGroup>
    <Filter Include="resources">
      <UniqueIdentifier>{4d7dc935-04ae-4da1-b7e6-689b98a6121c}</UniqueIdentifier>
    </Filter>
  </ItemGroup>
</Project>